
Microsoft Visual Studio Solution File, Format Version 12.00
# Visual Studio Version 16
VisualStudioVersion = 16.0.29613.14
MinimumVisualStudioVersion = 10.0.40219.1
Project("{FAE04EC0-301F-11D3-BF4B-00C04F79EFBC}") = "Smartline.Common.Runtime", "Smartline.Common.Runtime\Smartline.Common.Runtime.csproj", "{7E1FE99A-D6AF-4981-8186-27685EC8918D}"
EndProject
Project("{FAE04EC0-301F-11D3-BF4B-00C04F79EFBC}") = "Smartline.Server.Runtime", "Smartline.Server.Runtime\Smartline.Server.Runtime.csproj", "{4974FDEB-4537-4703-AB77-1CB194D050E6}"
EndProject
Project("{FAE04EC0-301F-11D3-BF4B-00C04F79EFBC}") = "Smartline.Server", "Smartline.Server\Smartline.Server.csproj", "{3600B83A-E761-4537-83E4-410D19A84471}"
EndProject
Project("{FAE04EC0-301F-11D3-BF4B-00C04F79EFBC}") = "Smartline.Web", "Smartline.Web\Smartline.Web.csproj", "{AB83A15A-DE16-48D7-AF79-A89FAE4C2029}"
EndProject
Project("{FAE04EC0-301F-11D3-BF4B-00C04F79EFBC}") = "Smartline.Mapping", "Smartline.Mapping\Smartline.Mapping.csproj", "{AEE18EB7-3B5A-4043-B05B-DD5C82CBC4B2}"
EndProject
Project("{FAE04EC0-301F-11D3-BF4B-00C04F79EFBC}") = "Utilities", "Utilities\Utilities.csproj", "{2256A72F-8901-475D-AAB1-655FFFACF510}"
EndProject
Project("{FAE04EC0-301F-11D3-BF4B-00C04F79EFBC}") = "GisServerService", "GisServerService\GisServerService.csproj", "{7C3C38B5-7E0E-4DD8-8836-1FF4D811C5BA}"
EndProject
Project("{FAE04EC0-301F-11D3-BF4B-00C04F79EFBC}") = "Smartline.Server.Monitoring", "Smartline.Server.Monitoring\Smartline.Server.Monitoring.csproj", "{E2AD68AF-E525-4A7E-B68C-3C5839730CCE}"
EndProject
Project("{FAE04EC0-301F-11D3-BF4B-00C04F79EFBC}") = "Smartline.License.PreDefine", "License\Smartline.License.PreDefine.csproj", "{D1ACE24D-43E8-4C7D-BA41-AFB356299CA9}"
EndProject
Project("{FAE04EC0-301F-11D3-BF4B-00C04F79EFBC}") = "Smartline.License.Common", "LicenseGeneral\Smartline.License.Common.csproj", "{897F30D2-0942-4CDF-8EC2-9A82788BFD13}"
EndProject
Project("{FAE04EC0-301F-11D3-BF4B-00C04F79EFBC}") = "Smartline.License.Generator", "LicenseGenerate\Smartline.License.Generator.csproj", "{BCEFDD21-3A49-4C8B-90EE-5D4CDAE0CA78}"
EndProject
Project("{FAE04EC0-301F-11D3-BF4B-00C04F79EFBC}") = "Smartline.License.Communication", "General\Smartline.License.Communication.csproj", "{5505BB5C-DBB6-4853-B3C4-CC14A0B88407}"
EndProject
Project("{2150E333-8FDC-42A3-9474-1A3956D46DE8}") = "License", "License", "{16A8FB37-8949-4071-A43C-F52F4C326964}"
EndProject
Project("{2150E333-8FDC-42A3-9474-1A3956D46DE8}") = "Gis", "Gis", "{40FCF74A-9451-413B-B91C-BF2AF1DC79D6}"
EndProject
Project("{2150E333-8FDC-42A3-9474-1A3956D46DE8}") = "Server", "Server", "{A3EC5DF4-4D1D-4D43-905B-0C5743BC4CFE}"
EndProject
Project("{2150E333-8FDC-42A3-9474-1A3956D46DE8}") = "Web", "Web", "{F442EB32-6430-48B8-8499-BCCBA905E244}"
EndProject
Project("{2150E333-8FDC-42A3-9474-1A3956D46DE8}") = "Utils", "Utils", "{2113678B-14A5-45AD-A80A-41783A4EBABB}"
EndProject
Project("{FAE04EC0-301F-11D3-BF4B-00C04F79EFBC}") = "Utilities.LogParser", "Utilities.LogParser\Utilities.LogParser.csproj", "{14CBF2EB-26F3-4D41-A1C5-311A173365AE}"
EndProject
Project("{FAE04EC0-301F-11D3-BF4B-00C04F79EFBC}") = "Smartline.Server.Runtime.SignalR", "Smartline.Server.Runtime.SignalR\Smartline.Server.Runtime.SignalR.csproj", "{8DAFF7BD-93AB-4844-8B8C-789B05D9B20E}"
EndProject
Project("{FAE04EC0-301F-11D3-BF4B-00C04F79EFBC}") = "ServerStressTesting", "ServerStressTesting\ServerStressTesting.csproj", "{2FC02F83-870A-4953-BF36-B8B6DF381F05}"
EndProject
Project("{FAE04EC0-301F-11D3-BF4B-00C04F79EFBC}") = "UdpServer", "UdpServer\UdpServer.csproj", "{070CAE14-7825-4BDB-929B-8F4D1AB6C195}"
EndProject
Project("{FAE04EC0-301F-11D3-BF4B-00C04F79EFBC}") = "UdpClient", "UdpClient\UdpClient.csproj", "{0528D032-D21E-4E65-94F5-CC1FB9287F40}"
EndProject
Project("{FAE04EC0-301F-11D3-BF4B-00C04F79EFBC}") = "Smartline.Compacting", "Smartline.Compacting\Smartline.Compacting.csproj", "{3CD43AC2-2BF9-444E-9664-845DE2E19490}"
EndProject
Project("{FAE04EC0-301F-11D3-BF4B-00C04F79EFBC}") = "Smartline.Server.Runtime.Test", "Smartline.Server.Runtime.Test\Smartline.Server.Runtime.Test.csproj", "{A616382D-224E-48FC-8F79-09B7C8851A5B}"
EndProject
Project("{FAE04EC0-301F-11D3-BF4B-00C04F79EFBC}") = "Smartline.Accounting", "Smartline.Accounting\Smartline.Accounting.csproj", "{2D2116B4-875A-4711-8409-1B8287DC01D3}"
EndProject
Project("{FAE04EC0-301F-11D3-BF4B-00C04F79EFBC}") = "Smartline.Accounting.Test", "Smartline.Accounting.Test\Smartline.Accounting.Test.csproj", "{6F2B0980-31B2-4C10-9881-B4426D8F4C75}"
EndProject
Project("{FAE04EC0-301F-11D3-BF4B-00C04F79EFBC}") = "Smartline.Mapping.Test", "Smartline.Mapping.Test\Smartline.Mapping.Test.csproj", "{5F0FABED-1516-4E44-9CB8-E78B2144E33F}"
EndProject
Project("{FAE04EC0-301F-11D3-BF4B-00C04F79EFBC}") = "Smartline.Server.NMEA", "Smartline.Server.NMEA\Smartline.Server.NMEA.csproj", "{53866C76-1AA8-4157-A491-949D2C54EAA6}"
EndProject
Global
	GlobalSection(SolutionConfigurationPlatforms) = preSolution
		Debug|Any CPU = Debug|Any CPU
		Debug|Mixed Platforms = Debug|Mixed Platforms
		Debug|x64 = Debug|x64
		Debug|x86 = Debug|x86
		Release|Any CPU = Release|Any CPU
		Release|Mixed Platforms = Release|Mixed Platforms
		Release|x64 = Release|x64
		Release|x86 = Release|x86
	EndGlobalSection
	GlobalSection(ProjectConfigurationPlatforms) = postSolution
		{7E1FE99A-D6AF-4981-8186-27685EC8918D}.Debug|Any CPU.ActiveCfg = Debug|x86
		{7E1FE99A-D6AF-4981-8186-27685EC8918D}.Debug|Any CPU.Build.0 = Debug|x86
		{7E1FE99A-D6AF-4981-8186-27685EC8918D}.Debug|Mixed Platforms.ActiveCfg = Debug|x86
		{7E1FE99A-D6AF-4981-8186-27685EC8918D}.Debug|Mixed Platforms.Build.0 = Debug|x86
		{7E1FE99A-D6AF-4981-8186-27685EC8918D}.Debug|x64.ActiveCfg = Debug|Any CPU
		{7E1FE99A-D6AF-4981-8186-27685EC8918D}.Debug|x86.ActiveCfg = Debug|x86
		{7E1FE99A-D6AF-4981-8186-27685EC8918D}.Debug|x86.Build.0 = Debug|x86
		{7E1FE99A-D6AF-4981-8186-27685EC8918D}.Release|Any CPU.ActiveCfg = Release|Any CPU
		{7E1FE99A-D6AF-4981-8186-27685EC8918D}.Release|Any CPU.Build.0 = Release|Any CPU
		{7E1FE99A-D6AF-4981-8186-27685EC8918D}.Release|Mixed Platforms.ActiveCfg = Release|Any CPU
		{7E1FE99A-D6AF-4981-8186-27685EC8918D}.Release|Mixed Platforms.Build.0 = Release|Any CPU
		{7E1FE99A-D6AF-4981-8186-27685EC8918D}.Release|x64.ActiveCfg = Release|Any CPU
		{7E1FE99A-D6AF-4981-8186-27685EC8918D}.Release|x86.ActiveCfg = Release|Any CPU
		{4974FDEB-4537-4703-AB77-1CB194D050E6}.Debug|Any CPU.ActiveCfg = Debug|Any CPU
		{4974FDEB-4537-4703-AB77-1CB194D050E6}.Debug|Any CPU.Build.0 = Debug|Any CPU
		{4974FDEB-4537-4703-AB77-1CB194D050E6}.Debug|Mixed Platforms.ActiveCfg = Debug|Any CPU
		{4974FDEB-4537-4703-AB77-1CB194D050E6}.Debug|Mixed Platforms.Build.0 = Debug|Any CPU
		{4974FDEB-4537-4703-AB77-1CB194D050E6}.Debug|x64.ActiveCfg = Debug|Any CPU
		{4974FDEB-4537-4703-AB77-1CB194D050E6}.Debug|x86.ActiveCfg = Debug|x86
		{4974FDEB-4537-4703-AB77-1CB194D050E6}.Debug|x86.Build.0 = Debug|x86
		{4974FDEB-4537-4703-AB77-1CB194D050E6}.Release|Any CPU.ActiveCfg = Release|Any CPU
		{4974FDEB-4537-4703-AB77-1CB194D050E6}.Release|Any CPU.Build.0 = Release|Any CPU
		{4974FDEB-4537-4703-AB77-1CB194D050E6}.Release|Mixed Platforms.ActiveCfg = Release|Any CPU
		{4974FDEB-4537-4703-AB77-1CB194D050E6}.Release|Mixed Platforms.Build.0 = Release|Any CPU
		{4974FDEB-4537-4703-AB77-1CB194D050E6}.Release|x64.ActiveCfg = Release|Any CPU
		{4974FDEB-4537-4703-AB77-1CB194D050E6}.Release|x86.ActiveCfg = Release|Any CPU
		{3600B83A-E761-4537-83E4-410D19A84471}.Debug|Any CPU.ActiveCfg = Debug|x86
		{3600B83A-E761-4537-83E4-410D19A84471}.Debug|Any CPU.Build.0 = Debug|x86
		{3600B83A-E761-4537-83E4-410D19A84471}.Debug|Mixed Platforms.ActiveCfg = Debug|x64
		{3600B83A-E761-4537-83E4-410D19A84471}.Debug|Mixed Platforms.Build.0 = Debug|x64
		{3600B83A-E761-4537-83E4-410D19A84471}.Debug|x64.ActiveCfg = Debug|x64
		{3600B83A-E761-4537-83E4-410D19A84471}.Debug|x64.Build.0 = Debug|x64
		{3600B83A-E761-4537-83E4-410D19A84471}.Debug|x86.ActiveCfg = Debug|x86
		{3600B83A-E761-4537-83E4-410D19A84471}.Debug|x86.Build.0 = Debug|x86
		{3600B83A-E761-4537-83E4-410D19A84471}.Release|Any CPU.ActiveCfg = Release|x86
		{3600B83A-E761-4537-83E4-410D19A84471}.Release|Mixed Platforms.ActiveCfg = Release|x86
		{3600B83A-E761-4537-83E4-410D19A84471}.Release|Mixed Platforms.Build.0 = Release|x86
		{3600B83A-E761-4537-83E4-410D19A84471}.Release|x64.ActiveCfg = Release|x64
		{3600B83A-E761-4537-83E4-410D19A84471}.Release|x64.Build.0 = Release|x64
		{3600B83A-E761-4537-83E4-410D19A84471}.Release|x86.ActiveCfg = Release|x86
		{3600B83A-E761-4537-83E4-410D19A84471}.Release|x86.Build.0 = Release|x86
		{AB83A15A-DE16-48D7-AF79-A89FAE4C2029}.Debug|Any CPU.ActiveCfg = Debug|Any CPU
		{AB83A15A-DE16-48D7-AF79-A89FAE4C2029}.Debug|Any CPU.Build.0 = Debug|Any CPU
		{AB83A15A-DE16-48D7-AF79-A89FAE4C2029}.Debug|Mixed Platforms.ActiveCfg = Debug|Any CPU
		{AB83A15A-DE16-48D7-AF79-A89FAE4C2029}.Debug|Mixed Platforms.Build.0 = Debug|Any CPU
		{AB83A15A-DE16-48D7-AF79-A89FAE4C2029}.Debug|x64.ActiveCfg = Debug|Any CPU
		{AB83A15A-DE16-48D7-AF79-A89FAE4C2029}.Debug|x86.ActiveCfg = Debug|x86
		{AB83A15A-DE16-48D7-AF79-A89FAE4C2029}.Debug|x86.Build.0 = Debug|x86
		{AB83A15A-DE16-48D7-AF79-A89FAE4C2029}.Release|Any CPU.ActiveCfg = Release|Any CPU
		{AB83A15A-DE16-48D7-AF79-A89FAE4C2029}.Release|Any CPU.Build.0 = Release|Any CPU
		{AB83A15A-DE16-48D7-AF79-A89FAE4C2029}.Release|Mixed Platforms.ActiveCfg = Release|Any CPU
		{AB83A15A-DE16-48D7-AF79-A89FAE4C2029}.Release|Mixed Platforms.Build.0 = Release|Any CPU
		{AB83A15A-DE16-48D7-AF79-A89FAE4C2029}.Release|x64.ActiveCfg = Release|Any CPU
		{AB83A15A-DE16-48D7-AF79-A89FAE4C2029}.Release|x86.ActiveCfg = Release|Any CPU
		{AEE18EB7-3B5A-4043-B05B-DD5C82CBC4B2}.Debug|Any CPU.ActiveCfg = Debug|x86
		{AEE18EB7-3B5A-4043-B05B-DD5C82CBC4B2}.Debug|Any CPU.Build.0 = Debug|x86
		{AEE18EB7-3B5A-4043-B05B-DD5C82CBC4B2}.Debug|Mixed Platforms.ActiveCfg = Debug|Any CPU
		{AEE18EB7-3B5A-4043-B05B-DD5C82CBC4B2}.Debug|Mixed Platforms.Build.0 = Debug|Any CPU
		{AEE18EB7-3B5A-4043-B05B-DD5C82CBC4B2}.Debug|x64.ActiveCfg = Debug|Any CPU
		{AEE18EB7-3B5A-4043-B05B-DD5C82CBC4B2}.Debug|x86.ActiveCfg = Debug|x86
		{AEE18EB7-3B5A-4043-B05B-DD5C82CBC4B2}.Debug|x86.Build.0 = Debug|x86
		{AEE18EB7-3B5A-4043-B05B-DD5C82CBC4B2}.Release|Any CPU.ActiveCfg = Release|Any CPU
		{AEE18EB7-3B5A-4043-B05B-DD5C82CBC4B2}.Release|Any CPU.Build.0 = Release|Any CPU
		{AEE18EB7-3B5A-4043-B05B-DD5C82CBC4B2}.Release|Mixed Platforms.ActiveCfg = Release|Any CPU
		{AEE18EB7-3B5A-4043-B05B-DD5C82CBC4B2}.Release|Mixed Platforms.Build.0 = Release|Any CPU
		{AEE18EB7-3B5A-4043-B05B-DD5C82CBC4B2}.Release|x64.ActiveCfg = Release|Any CPU
		{AEE18EB7-3B5A-4043-B05B-DD5C82CBC4B2}.Release|x86.ActiveCfg = Release|Any CPU
		{2256A72F-8901-475D-AAB1-655FFFACF510}.Debug|Any CPU.ActiveCfg = Debug|Any CPU
		{2256A72F-8901-475D-AAB1-655FFFACF510}.Debug|Any CPU.Build.0 = Debug|Any CPU
		{2256A72F-8901-475D-AAB1-655FFFACF510}.Debug|Mixed Platforms.ActiveCfg = Debug|Any CPU
		{2256A72F-8901-475D-AAB1-655FFFACF510}.Debug|Mixed Platforms.Build.0 = Debug|Any CPU
		{2256A72F-8901-475D-AAB1-655FFFACF510}.Debug|x64.ActiveCfg = Debug|Any CPU
		{2256A72F-8901-475D-AAB1-655FFFACF510}.Debug|x86.ActiveCfg = Debug|x86
		{2256A72F-8901-475D-AAB1-655FFFACF510}.Debug|x86.Build.0 = Debug|x86
		{2256A72F-8901-475D-AAB1-655FFFACF510}.Release|Any CPU.ActiveCfg = Release|Any CPU
		{2256A72F-8901-475D-AAB1-655FFFACF510}.Release|Any CPU.Build.0 = Release|Any CPU
		{2256A72F-8901-475D-AAB1-655FFFACF510}.Release|Mixed Platforms.ActiveCfg = Release|Any CPU
		{2256A72F-8901-475D-AAB1-655FFFACF510}.Release|Mixed Platforms.Build.0 = Release|Any CPU
		{2256A72F-8901-475D-AAB1-655FFFACF510}.Release|x64.ActiveCfg = Release|Any CPU
		{2256A72F-8901-475D-AAB1-655FFFACF510}.Release|x86.ActiveCfg = Release|Any CPU
		{7C3C38B5-7E0E-4DD8-8836-1FF4D811C5BA}.Debug|Any CPU.ActiveCfg = Debug|Any CPU
		{7C3C38B5-7E0E-4DD8-8836-1FF4D811C5BA}.Debug|Any CPU.Build.0 = Debug|Any CPU
		{7C3C38B5-7E0E-4DD8-8836-1FF4D811C5BA}.Debug|Mixed Platforms.ActiveCfg = Debug|Any CPU
		{7C3C38B5-7E0E-4DD8-8836-1FF4D811C5BA}.Debug|Mixed Platforms.Build.0 = Debug|Any CPU
		{7C3C38B5-7E0E-4DD8-8836-1FF4D811C5BA}.Debug|x64.ActiveCfg = Debug|Any CPU
		{7C3C38B5-7E0E-4DD8-8836-1FF4D811C5BA}.Debug|x86.ActiveCfg = Debug|x86
		{7C3C38B5-7E0E-4DD8-8836-1FF4D811C5BA}.Debug|x86.Build.0 = Debug|x86
		{7C3C38B5-7E0E-4DD8-8836-1FF4D811C5BA}.Release|Any CPU.ActiveCfg = Release|Any CPU
		{7C3C38B5-7E0E-4DD8-8836-1FF4D811C5BA}.Release|Any CPU.Build.0 = Release|Any CPU
		{7C3C38B5-7E0E-4DD8-8836-1FF4D811C5BA}.Release|Mixed Platforms.ActiveCfg = Release|Any CPU
		{7C3C38B5-7E0E-4DD8-8836-1FF4D811C5BA}.Release|Mixed Platforms.Build.0 = Release|Any CPU
		{7C3C38B5-7E0E-4DD8-8836-1FF4D811C5BA}.Release|x64.ActiveCfg = Release|Any CPU
		{7C3C38B5-7E0E-4DD8-8836-1FF4D811C5BA}.Release|x86.ActiveCfg = Release|Any CPU
		{E2AD68AF-E525-4A7E-B68C-3C5839730CCE}.Debug|Any CPU.ActiveCfg = Debug|Any CPU
		{E2AD68AF-E525-4A7E-B68C-3C5839730CCE}.Debug|Any CPU.Build.0 = Debug|Any CPU
		{E2AD68AF-E525-4A7E-B68C-3C5839730CCE}.Debug|Mixed Platforms.ActiveCfg = Debug|Any CPU
		{E2AD68AF-E525-4A7E-B68C-3C5839730CCE}.Debug|Mixed Platforms.Build.0 = Debug|Any CPU
		{E2AD68AF-E525-4A7E-B68C-3C5839730CCE}.Debug|x64.ActiveCfg = Debug|Any CPU
		{E2AD68AF-E525-4A7E-B68C-3C5839730CCE}.Debug|x86.ActiveCfg = Debug|x86
		{E2AD68AF-E525-4A7E-B68C-3C5839730CCE}.Debug|x86.Build.0 = Debug|x86
		{E2AD68AF-E525-4A7E-B68C-3C5839730CCE}.Release|Any CPU.ActiveCfg = Release|Any CPU
		{E2AD68AF-E525-4A7E-B68C-3C5839730CCE}.Release|Any CPU.Build.0 = Release|Any CPU
		{E2AD68AF-E525-4A7E-B68C-3C5839730CCE}.Release|Mixed Platforms.ActiveCfg = Release|Any CPU
		{E2AD68AF-E525-4A7E-B68C-3C5839730CCE}.Release|Mixed Platforms.Build.0 = Release|Any CPU
		{E2AD68AF-E525-4A7E-B68C-3C5839730CCE}.Release|x64.ActiveCfg = Release|Any CPU
		{E2AD68AF-E525-4A7E-B68C-3C5839730CCE}.Release|x86.ActiveCfg = Release|Any CPU
		{D1ACE24D-43E8-4C7D-BA41-AFB356299CA9}.Debug|Any CPU.ActiveCfg = Debug|x86
		{D1ACE24D-43E8-4C7D-BA41-AFB356299CA9}.Debug|Any CPU.Build.0 = Debug|x86
		{D1ACE24D-43E8-4C7D-BA41-AFB356299CA9}.Debug|Mixed Platforms.ActiveCfg = Debug|x86
		{D1ACE24D-43E8-4C7D-BA41-AFB356299CA9}.Debug|Mixed Platforms.Build.0 = Debug|x86
		{D1ACE24D-43E8-4C7D-BA41-AFB356299CA9}.Debug|x64.ActiveCfg = Debug|x86
		{D1ACE24D-43E8-4C7D-BA41-AFB356299CA9}.Debug|x86.ActiveCfg = Debug|x86
		{D1ACE24D-43E8-4C7D-BA41-AFB356299CA9}.Debug|x86.Build.0 = Debug|x86
		{D1ACE24D-43E8-4C7D-BA41-AFB356299CA9}.Release|Any CPU.ActiveCfg = Release|x86
		{D1ACE24D-43E8-4C7D-BA41-AFB356299CA9}.Release|Mixed Platforms.ActiveCfg = Release|x86
		{D1ACE24D-43E8-4C7D-BA41-AFB356299CA9}.Release|Mixed Platforms.Build.0 = Release|x86
		{D1ACE24D-43E8-4C7D-BA41-AFB356299CA9}.Release|x64.ActiveCfg = Release|x86
		{D1ACE24D-43E8-4C7D-BA41-AFB356299CA9}.Release|x86.ActiveCfg = Release|x86
		{D1ACE24D-43E8-4C7D-BA41-AFB356299CA9}.Release|x86.Build.0 = Release|x86
		{897F30D2-0942-4CDF-8EC2-9A82788BFD13}.Debug|Any CPU.ActiveCfg = Debug|Any CPU
		{897F30D2-0942-4CDF-8EC2-9A82788BFD13}.Debug|Any CPU.Build.0 = Debug|Any CPU
		{897F30D2-0942-4CDF-8EC2-9A82788BFD13}.Debug|Mixed Platforms.ActiveCfg = Debug|Any CPU
		{897F30D2-0942-4CDF-8EC2-9A82788BFD13}.Debug|Mixed Platforms.Build.0 = Debug|Any CPU
		{897F30D2-0942-4CDF-8EC2-9A82788BFD13}.Debug|x64.ActiveCfg = Debug|Any CPU
		{897F30D2-0942-4CDF-8EC2-9A82788BFD13}.Debug|x86.ActiveCfg = Debug|x86
		{897F30D2-0942-4CDF-8EC2-9A82788BFD13}.Debug|x86.Build.0 = Debug|x86
		{897F30D2-0942-4CDF-8EC2-9A82788BFD13}.Release|Any CPU.ActiveCfg = Release|Any CPU
		{897F30D2-0942-4CDF-8EC2-9A82788BFD13}.Release|Any CPU.Build.0 = Release|Any CPU
		{897F30D2-0942-4CDF-8EC2-9A82788BFD13}.Release|Mixed Platforms.ActiveCfg = Release|Any CPU
		{897F30D2-0942-4CDF-8EC2-9A82788BFD13}.Release|Mixed Platforms.Build.0 = Release|Any CPU
		{897F30D2-0942-4CDF-8EC2-9A82788BFD13}.Release|x64.ActiveCfg = Release|Any CPU
		{897F30D2-0942-4CDF-8EC2-9A82788BFD13}.Release|x86.ActiveCfg = Release|Any CPU
		{BCEFDD21-3A49-4C8B-90EE-5D4CDAE0CA78}.Debug|Any CPU.ActiveCfg = Debug|x86
		{BCEFDD21-3A49-4C8B-90EE-5D4CDAE0CA78}.Debug|Any CPU.Build.0 = Debug|x86
		{BCEFDD21-3A49-4C8B-90EE-5D4CDAE0CA78}.Debug|Mixed Platforms.ActiveCfg = Debug|x86
		{BCEFDD21-3A49-4C8B-90EE-5D4CDAE0CA78}.Debug|Mixed Platforms.Build.0 = Debug|x86
		{BCEFDD21-3A49-4C8B-90EE-5D4CDAE0CA78}.Debug|x64.ActiveCfg = Debug|x86
		{BCEFDD21-3A49-4C8B-90EE-5D4CDAE0CA78}.Debug|x86.ActiveCfg = Debug|x86
		{BCEFDD21-3A49-4C8B-90EE-5D4CDAE0CA78}.Debug|x86.Build.0 = Debug|x86
		{BCEFDD21-3A49-4C8B-90EE-5D4CDAE0CA78}.Release|Any CPU.ActiveCfg = Release|x86
		{BCEFDD21-3A49-4C8B-90EE-5D4CDAE0CA78}.Release|Mixed Platforms.ActiveCfg = Release|x86
		{BCEFDD21-3A49-4C8B-90EE-5D4CDAE0CA78}.Release|Mixed Platforms.Build.0 = Release|x86
		{BCEFDD21-3A49-4C8B-90EE-5D4CDAE0CA78}.Release|x64.ActiveCfg = Release|x86
		{BCEFDD21-3A49-4C8B-90EE-5D4CDAE0CA78}.Release|x86.ActiveCfg = Release|x86
		{BCEFDD21-3A49-4C8B-90EE-5D4CDAE0CA78}.Release|x86.Build.0 = Release|x86
		{5505BB5C-DBB6-4853-B3C4-CC14A0B88407}.Debug|Any CPU.ActiveCfg = Debug|Any CPU
		{5505BB5C-DBB6-4853-B3C4-CC14A0B88407}.Debug|Any CPU.Build.0 = Debug|Any CPU
		{5505BB5C-DBB6-4853-B3C4-CC14A0B88407}.Debug|Mixed Platforms.ActiveCfg = Debug|Any CPU
		{5505BB5C-DBB6-4853-B3C4-CC14A0B88407}.Debug|Mixed Platforms.Build.0 = Debug|Any CPU
		{5505BB5C-DBB6-4853-B3C4-CC14A0B88407}.Debug|x64.ActiveCfg = Debug|Any CPU
		{5505BB5C-DBB6-4853-B3C4-CC14A0B88407}.Debug|x86.ActiveCfg = Debug|x86
		{5505BB5C-DBB6-4853-B3C4-CC14A0B88407}.Debug|x86.Build.0 = Debug|x86
		{5505BB5C-DBB6-4853-B3C4-CC14A0B88407}.Release|Any CPU.ActiveCfg = Release|Any CPU
		{5505BB5C-DBB6-4853-B3C4-CC14A0B88407}.Release|Any CPU.Build.0 = Release|Any CPU
		{5505BB5C-DBB6-4853-B3C4-CC14A0B88407}.Release|Mixed Platforms.ActiveCfg = Release|Any CPU
		{5505BB5C-DBB6-4853-B3C4-CC14A0B88407}.Release|Mixed Platforms.Build.0 = Release|Any CPU
		{5505BB5C-DBB6-4853-B3C4-CC14A0B88407}.Release|x64.ActiveCfg = Release|Any CPU
		{5505BB5C-DBB6-4853-B3C4-CC14A0B88407}.Release|x86.ActiveCfg = Release|Any CPU
		{14CBF2EB-26F3-4D41-A1C5-311A173365AE}.Debug|Any CPU.ActiveCfg = Debug|Any CPU
		{14CBF2EB-26F3-4D41-A1C5-311A173365AE}.Debug|Any CPU.Build.0 = Debug|Any CPU
		{14CBF2EB-26F3-4D41-A1C5-311A173365AE}.Debug|Mixed Platforms.ActiveCfg = Debug|Any CPU
		{14CBF2EB-26F3-4D41-A1C5-311A173365AE}.Debug|Mixed Platforms.Build.0 = Debug|Any CPU
		{14CBF2EB-26F3-4D41-A1C5-311A173365AE}.Debug|x64.ActiveCfg = Debug|Any CPU
		{14CBF2EB-26F3-4D41-A1C5-311A173365AE}.Debug|x86.ActiveCfg = Debug|Any CPU
		{14CBF2EB-26F3-4D41-A1C5-311A173365AE}.Debug|x86.Build.0 = Debug|Any CPU
		{14CBF2EB-26F3-4D41-A1C5-311A173365AE}.Release|Any CPU.ActiveCfg = Release|Any CPU
		{14CBF2EB-26F3-4D41-A1C5-311A173365AE}.Release|Any CPU.Build.0 = Release|Any CPU
		{14CBF2EB-26F3-4D41-A1C5-311A173365AE}.Release|Mixed Platforms.ActiveCfg = Release|Any CPU
		{14CBF2EB-26F3-4D41-A1C5-311A173365AE}.Release|Mixed Platforms.Build.0 = Release|Any CPU
		{14CBF2EB-26F3-4D41-A1C5-311A173365AE}.Release|x64.ActiveCfg = Release|Any CPU
		{14CBF2EB-26F3-4D41-A1C5-311A173365AE}.Release|x86.ActiveCfg = Release|Any CPU
		{8DAFF7BD-93AB-4844-8B8C-789B05D9B20E}.Debug|Any CPU.ActiveCfg = Debug|Any CPU
		{8DAFF7BD-93AB-4844-8B8C-789B05D9B20E}.Debug|Any CPU.Build.0 = Debug|Any CPU
		{8DAFF7BD-93AB-4844-8B8C-789B05D9B20E}.Debug|Mixed Platforms.ActiveCfg = Debug|Any CPU
		{8DAFF7BD-93AB-4844-8B8C-789B05D9B20E}.Debug|Mixed Platforms.Build.0 = Debug|Any CPU
		{8DAFF7BD-93AB-4844-8B8C-789B05D9B20E}.Debug|x64.ActiveCfg = Debug|Any CPU
		{8DAFF7BD-93AB-4844-8B8C-789B05D9B20E}.Debug|x86.ActiveCfg = Debug|x86
		{8DAFF7BD-93AB-4844-8B8C-789B05D9B20E}.Debug|x86.Build.0 = Debug|x86
		{8DAFF7BD-93AB-4844-8B8C-789B05D9B20E}.Release|Any CPU.ActiveCfg = Release|Any CPU
		{8DAFF7BD-93AB-4844-8B8C-789B05D9B20E}.Release|Any CPU.Build.0 = Release|Any CPU
		{8DAFF7BD-93AB-4844-8B8C-789B05D9B20E}.Release|Mixed Platforms.ActiveCfg = Release|Any CPU
		{8DAFF7BD-93AB-4844-8B8C-789B05D9B20E}.Release|Mixed Platforms.Build.0 = Release|Any CPU
		{8DAFF7BD-93AB-4844-8B8C-789B05D9B20E}.Release|x64.ActiveCfg = Release|Any CPU
		{8DAFF7BD-93AB-4844-8B8C-789B05D9B20E}.Release|x86.ActiveCfg = Release|Any CPU
		{2FC02F83-870A-4953-BF36-B8B6DF381F05}.Debug|Any CPU.ActiveCfg = Debug|Any CPU
		{2FC02F83-870A-4953-BF36-B8B6DF381F05}.Debug|Any CPU.Build.0 = Debug|Any CPU
		{2FC02F83-870A-4953-BF36-B8B6DF381F05}.Debug|Mixed Platforms.ActiveCfg = Debug|Any CPU
		{2FC02F83-870A-4953-BF36-B8B6DF381F05}.Debug|Mixed Platforms.Build.0 = Debug|Any CPU
		{2FC02F83-870A-4953-BF36-B8B6DF381F05}.Debug|x64.ActiveCfg = Debug|Any CPU
		{2FC02F83-870A-4953-BF36-B8B6DF381F05}.Debug|x86.ActiveCfg = Debug|x86
		{2FC02F83-870A-4953-BF36-B8B6DF381F05}.Debug|x86.Build.0 = Debug|x86
		{2FC02F83-870A-4953-BF36-B8B6DF381F05}.Release|Any CPU.ActiveCfg = Release|Any CPU
		{2FC02F83-870A-4953-BF36-B8B6DF381F05}.Release|Any CPU.Build.0 = Release|Any CPU
		{2FC02F83-870A-4953-BF36-B8B6DF381F05}.Release|Mixed Platforms.ActiveCfg = Release|Any CPU
		{2FC02F83-870A-4953-BF36-B8B6DF381F05}.Release|Mixed Platforms.Build.0 = Release|Any CPU
		{2FC02F83-870A-4953-BF36-B8B6DF381F05}.Release|x64.ActiveCfg = Release|Any CPU
		{2FC02F83-870A-4953-BF36-B8B6DF381F05}.Release|x86.ActiveCfg = Release|Any CPU
		{070CAE14-7825-4BDB-929B-8F4D1AB6C195}.Debug|Any CPU.ActiveCfg = Debug|Any CPU
		{070CAE14-7825-4BDB-929B-8F4D1AB6C195}.Debug|Any CPU.Build.0 = Debug|Any CPU
		{070CAE14-7825-4BDB-929B-8F4D1AB6C195}.Debug|Mixed Platforms.ActiveCfg = Debug|Any CPU
		{070CAE14-7825-4BDB-929B-8F4D1AB6C195}.Debug|Mixed Platforms.Build.0 = Debug|Any CPU
		{070CAE14-7825-4BDB-929B-8F4D1AB6C195}.Debug|x64.ActiveCfg = Debug|Any CPU
		{070CAE14-7825-4BDB-929B-8F4D1AB6C195}.Debug|x86.ActiveCfg = Debug|Any CPU
		{070CAE14-7825-4BDB-929B-8F4D1AB6C195}.Debug|x86.Build.0 = Debug|Any CPU
		{070CAE14-7825-4BDB-929B-8F4D1AB6C195}.Release|Any CPU.ActiveCfg = Release|Any CPU
		{070CAE14-7825-4BDB-929B-8F4D1AB6C195}.Release|Any CPU.Build.0 = Release|Any CPU
		{070CAE14-7825-4BDB-929B-8F4D1AB6C195}.Release|Mixed Platforms.ActiveCfg = Release|Any CPU
		{070CAE14-7825-4BDB-929B-8F4D1AB6C195}.Release|Mixed Platforms.Build.0 = Release|Any CPU
		{070CAE14-7825-4BDB-929B-8F4D1AB6C195}.Release|x64.ActiveCfg = Release|Any CPU
		{070CAE14-7825-4BDB-929B-8F4D1AB6C195}.Release|x86.ActiveCfg = Release|Any CPU
		{0528D032-D21E-4E65-94F5-CC1FB9287F40}.Debug|Any CPU.ActiveCfg = Debug|Any CPU
		{0528D032-D21E-4E65-94F5-CC1FB9287F40}.Debug|Any CPU.Build.0 = Debug|Any CPU
		{0528D032-D21E-4E65-94F5-CC1FB9287F40}.Debug|Mixed Platforms.ActiveCfg = Debug|Any CPU
		{0528D032-D21E-4E65-94F5-CC1FB9287F40}.Debug|Mixed Platforms.Build.0 = Debug|Any CPU
		{0528D032-D21E-4E65-94F5-CC1FB9287F40}.Debug|x64.ActiveCfg = Debug|Any CPU
		{0528D032-D21E-4E65-94F5-CC1FB9287F40}.Debug|x86.ActiveCfg = Debug|Any CPU
		{0528D032-D21E-4E65-94F5-CC1FB9287F40}.Debug|x86.Build.0 = Debug|Any CPU
		{0528D032-D21E-4E65-94F5-CC1FB9287F40}.Release|Any CPU.ActiveCfg = Release|Any CPU
		{0528D032-D21E-4E65-94F5-CC1FB9287F40}.Release|Any CPU.Build.0 = Release|Any CPU
		{0528D032-D21E-4E65-94F5-CC1FB9287F40}.Release|Mixed Platforms.ActiveCfg = Release|Any CPU
		{0528D032-D21E-4E65-94F5-CC1FB9287F40}.Release|Mixed Platforms.Build.0 = Release|Any CPU
		{0528D032-D21E-4E65-94F5-CC1FB9287F40}.Release|x64.ActiveCfg = Release|Any CPU
		{0528D032-D21E-4E65-94F5-CC1FB9287F40}.Release|x86.ActiveCfg = Release|Any CPU
		{3CD43AC2-2BF9-444E-9664-845DE2E19490}.Debug|Any CPU.ActiveCfg = Debug|Any CPU
		{3CD43AC2-2BF9-444E-9664-845DE2E19490}.Debug|Any CPU.Build.0 = Debug|Any CPU
		{3CD43AC2-2BF9-444E-9664-845DE2E19490}.Debug|Mixed Platforms.ActiveCfg = Debug|Any CPU
		{3CD43AC2-2BF9-444E-9664-845DE2E19490}.Debug|Mixed Platforms.Build.0 = Debug|Any CPU
		{3CD43AC2-2BF9-444E-9664-845DE2E19490}.Debug|x64.ActiveCfg = Debug|Any CPU
		{3CD43AC2-2BF9-444E-9664-845DE2E19490}.Debug|x86.ActiveCfg = Debug|x86
		{3CD43AC2-2BF9-444E-9664-845DE2E19490}.Debug|x86.Build.0 = Debug|x86
		{3CD43AC2-2BF9-444E-9664-845DE2E19490}.Release|Any CPU.ActiveCfg = Release|Any CPU
		{3CD43AC2-2BF9-444E-9664-845DE2E19490}.Release|Any CPU.Build.0 = Release|Any CPU
		{3CD43AC2-2BF9-444E-9664-845DE2E19490}.Release|Mixed Platforms.ActiveCfg = Release|Any CPU
		{3CD43AC2-2BF9-444E-9664-845DE2E19490}.Release|Mixed Platforms.Build.0 = Release|Any CPU
		{3CD43AC2-2BF9-444E-9664-845DE2E19490}.Release|x64.ActiveCfg = Release|Any CPU
		{3CD43AC2-2BF9-444E-9664-845DE2E19490}.Release|x86.ActiveCfg = Release|Any CPU
		{A616382D-224E-48FC-8F79-09B7C8851A5B}.Debug|Any CPU.ActiveCfg = Debug|Any CPU
		{A616382D-224E-48FC-8F79-09B7C8851A5B}.Debug|Any CPU.Build.0 = Debug|Any CPU
		{A616382D-224E-48FC-8F79-09B7C8851A5B}.Debug|Mixed Platforms.ActiveCfg = Debug|Any CPU
		{A616382D-224E-48FC-8F79-09B7C8851A5B}.Debug|Mixed Platforms.Build.0 = Debug|Any CPU
		{A616382D-224E-48FC-8F79-09B7C8851A5B}.Debug|x64.ActiveCfg = Debug|Any CPU
		{A616382D-224E-48FC-8F79-09B7C8851A5B}.Debug|x86.ActiveCfg = Debug|Any CPU
		{A616382D-224E-48FC-8F79-09B7C8851A5B}.Release|Any CPU.ActiveCfg = Release|Any CPU
		{A616382D-224E-48FC-8F79-09B7C8851A5B}.Release|Any CPU.Build.0 = Release|Any CPU
		{A616382D-224E-48FC-8F79-09B7C8851A5B}.Release|Mixed Platforms.ActiveCfg = Release|Any CPU
		{A616382D-224E-48FC-8F79-09B7C8851A5B}.Release|Mixed Platforms.Build.0 = Release|Any CPU
		{A616382D-224E-48FC-8F79-09B7C8851A5B}.Release|x64.ActiveCfg = Release|Any CPU
		{A616382D-224E-48FC-8F79-09B7C8851A5B}.Release|x86.ActiveCfg = Release|Any CPU
		{2D2116B4-875A-4711-8409-1B8287DC01D3}.Debug|Any CPU.ActiveCfg = Debug|Any CPU
		{2D2116B4-875A-4711-8409-1B8287DC01D3}.Debug|Any CPU.Build.0 = Debug|Any CPU
		{2D2116B4-875A-4711-8409-1B8287DC01D3}.Debug|Mixed Platforms.ActiveCfg = Debug|Any CPU
		{2D2116B4-875A-4711-8409-1B8287DC01D3}.Debug|Mixed Platforms.Build.0 = Debug|Any CPU
		{2D2116B4-875A-4711-8409-1B8287DC01D3}.Debug|x64.ActiveCfg = Debug|Any CPU
		{2D2116B4-875A-4711-8409-1B8287DC01D3}.Debug|x86.ActiveCfg = Debug|x86
		{2D2116B4-875A-4711-8409-1B8287DC01D3}.Release|Any CPU.ActiveCfg = Release|Any CPU
		{2D2116B4-875A-4711-8409-1B8287DC01D3}.Release|Any CPU.Build.0 = Release|Any CPU
		{2D2116B4-875A-4711-8409-1B8287DC01D3}.Release|Mixed Platforms.ActiveCfg = Release|Any CPU
		{2D2116B4-875A-4711-8409-1B8287DC01D3}.Release|Mixed Platforms.Build.0 = Release|Any CPU
		{2D2116B4-875A-4711-8409-1B8287DC01D3}.Release|x64.ActiveCfg = Release|Any CPU
		{2D2116B4-875A-4711-8409-1B8287DC01D3}.Release|x86.ActiveCfg = Release|Any CPU
		{6F2B0980-31B2-4C10-9881-B4426D8F4C75}.Debug|Any CPU.ActiveCfg = Debug|Any CPU
		{6F2B0980-31B2-4C10-9881-B4426D8F4C75}.Debug|Any CPU.Build.0 = Debug|Any CPU
		{6F2B0980-31B2-4C10-9881-B4426D8F4C75}.Debug|Mixed Platforms.ActiveCfg = Debug|Any CPU
		{6F2B0980-31B2-4C10-9881-B4426D8F4C75}.Debug|Mixed Platforms.Build.0 = Debug|Any CPU
		{6F2B0980-31B2-4C10-9881-B4426D8F4C75}.Debug|x64.ActiveCfg = Debug|Any CPU
		{6F2B0980-31B2-4C10-9881-B4426D8F4C75}.Debug|x86.ActiveCfg = Debug|x86
		{6F2B0980-31B2-4C10-9881-B4426D8F4C75}.Release|Any CPU.ActiveCfg = Release|Any CPU
		{6F2B0980-31B2-4C10-9881-B4426D8F4C75}.Release|Any CPU.Build.0 = Release|Any CPU
		{6F2B0980-31B2-4C10-9881-B4426D8F4C75}.Release|Mixed Platforms.ActiveCfg = Release|Any CPU
		{6F2B0980-31B2-4C10-9881-B4426D8F4C75}.Release|Mixed Platforms.Build.0 = Release|Any CPU
		{6F2B0980-31B2-4C10-9881-B4426D8F4C75}.Release|x64.ActiveCfg = Release|Any CPU
		{6F2B0980-31B2-4C10-9881-B4426D8F4C75}.Release|x86.ActiveCfg = Release|Any CPU
		{5F0FABED-1516-4E44-9CB8-E78B2144E33F}.Debug|Any CPU.ActiveCfg = Debug|Any CPU
		{5F0FABED-1516-4E44-9CB8-E78B2144E33F}.Debug|Any CPU.Build.0 = Debug|Any CPU
		{5F0FABED-1516-4E44-9CB8-E78B2144E33F}.Debug|Mixed Platforms.ActiveCfg = Debug|Any CPU
		{5F0FABED-1516-4E44-9CB8-E78B2144E33F}.Debug|Mixed Platforms.Build.0 = Debug|Any CPU
		{5F0FABED-1516-4E44-9CB8-E78B2144E33F}.Debug|x64.ActiveCfg = Debug|Any CPU
		{5F0FABED-1516-4E44-9CB8-E78B2144E33F}.Debug|x86.ActiveCfg = Debug|Any CPU
		{5F0FABED-1516-4E44-9CB8-E78B2144E33F}.Release|Any CPU.ActiveCfg = Release|Any CPU
		{5F0FABED-1516-4E44-9CB8-E78B2144E33F}.Release|Any CPU.Build.0 = Release|Any CPU
		{5F0FABED-1516-4E44-9CB8-E78B2144E33F}.Release|Mixed Platforms.ActiveCfg = Release|Any CPU
		{5F0FABED-1516-4E44-9CB8-E78B2144E33F}.Release|Mixed Platforms.Build.0 = Release|Any CPU
		{5F0FABED-1516-4E44-9CB8-E78B2144E33F}.Release|x64.ActiveCfg = Release|Any CPU
		{5F0FABED-1516-4E44-9CB8-E78B2144E33F}.Release|x86.ActiveCfg = Release|Any CPU
		{53866C76-1AA8-4157-A491-949D2C54EAA6}.Debug|Any CPU.ActiveCfg = Debug|Any CPU
		{53866C76-1AA8-4157-A491-949D2C54EAA6}.Debug|Any CPU.Build.0 = Debug|Any CPU
		{53866C76-1AA8-4157-A491-949D2C54EAA6}.Debug|Mixed Platforms.ActiveCfg = Debug|Any CPU
		{53866C76-1AA8-4157-A491-949D2C54EAA6}.Debug|Mixed Platforms.Build.0 = Debug|Any CPU
		{53866C76-1AA8-4157-A491-949D2C54EAA6}.Debug|x64.ActiveCfg = Debug|Any CPU
		{53866C76-1AA8-4157-A491-949D2C54EAA6}.Debug|x86.ActiveCfg = Debug|x86
		{53866C76-1AA8-4157-A491-949D2C54EAA6}.Release|Any CPU.ActiveCfg = Release|Any CPU
		{53866C76-1AA8-4157-A491-949D2C54EAA6}.Release|Any CPU.Build.0 = Release|Any CPU
		{53866C76-1AA8-4157-A491-949D2C54EAA6}.Release|Mixed Platforms.ActiveCfg = Release|Any CPU
		{53866C76-1AA8-4157-A491-949D2C54EAA6}.Release|Mixed Platforms.Build.0 = Release|Any CPU
		{53866C76-1AA8-4157-A491-949D2C54EAA6}.Release|x64.ActiveCfg = Release|Any CPU
		{53866C76-1AA8-4157-A491-949D2C54EAA6}.Release|x86.ActiveCfg = Release|Any CPU
	EndGlobalSection
	GlobalSection(SolutionProperties) = preSolution
		HideSolutionNode = FALSE
	EndGlobalSection
	GlobalSection(NestedProjects) = preSolution
		{7E1FE99A-D6AF-4981-8186-27685EC8918D} = {A3EC5DF4-4D1D-4D43-905B-0C5743BC4CFE}
		{4974FDEB-4537-4703-AB77-1CB194D050E6} = {A3EC5DF4-4D1D-4D43-905B-0C5743BC4CFE}
		{3600B83A-E761-4537-83E4-410D19A84471} = {A3EC5DF4-4D1D-4D43-905B-0C5743BC4CFE}
		{AB83A15A-DE16-48D7-AF79-A89FAE4C2029} = {F442EB32-6430-48B8-8499-BCCBA905E244}
		{AEE18EB7-3B5A-4043-B05B-DD5C82CBC4B2} = {A3EC5DF4-4D1D-4D43-905B-0C5743BC4CFE}
		{2256A72F-8901-475D-AAB1-655FFFACF510} = {2113678B-14A5-45AD-A80A-41783A4EBABB}
		{7C3C38B5-7E0E-4DD8-8836-1FF4D811C5BA} = {40FCF74A-9451-413B-B91C-BF2AF1DC79D6}
		{E2AD68AF-E525-4A7E-B68C-3C5839730CCE} = {A3EC5DF4-4D1D-4D43-905B-0C5743BC4CFE}
		{D1ACE24D-43E8-4C7D-BA41-AFB356299CA9} = {16A8FB37-8949-4071-A43C-F52F4C326964}
		{897F30D2-0942-4CDF-8EC2-9A82788BFD13} = {16A8FB37-8949-4071-A43C-F52F4C326964}
		{BCEFDD21-3A49-4C8B-90EE-5D4CDAE0CA78} = {16A8FB37-8949-4071-A43C-F52F4C326964}
		{5505BB5C-DBB6-4853-B3C4-CC14A0B88407} = {16A8FB37-8949-4071-A43C-F52F4C326964}
		{14CBF2EB-26F3-4D41-A1C5-311A173365AE} = {2113678B-14A5-45AD-A80A-41783A4EBABB}
		{8DAFF7BD-93AB-4844-8B8C-789B05D9B20E} = {A3EC5DF4-4D1D-4D43-905B-0C5743BC4CFE}
		{2FC02F83-870A-4953-BF36-B8B6DF381F05} = {2113678B-14A5-45AD-A80A-41783A4EBABB}
		{070CAE14-7825-4BDB-929B-8F4D1AB6C195} = {2113678B-14A5-45AD-A80A-41783A4EBABB}
		{0528D032-D21E-4E65-94F5-CC1FB9287F40} = {2113678B-14A5-45AD-A80A-41783A4EBABB}
		{3CD43AC2-2BF9-444E-9664-845DE2E19490} = {A3EC5DF4-4D1D-4D43-905B-0C5743BC4CFE}
		{A616382D-224E-48FC-8F79-09B7C8851A5B} = {A3EC5DF4-4D1D-4D43-905B-0C5743BC4CFE}
		{2D2116B4-875A-4711-8409-1B8287DC01D3} = {A3EC5DF4-4D1D-4D43-905B-0C5743BC4CFE}
		{6F2B0980-31B2-4C10-9881-B4426D8F4C75} = {A3EC5DF4-4D1D-4D43-905B-0C5743BC4CFE}
		{5F0FABED-1516-4E44-9CB8-E78B2144E33F} = {A3EC5DF4-4D1D-4D43-905B-0C5743BC4CFE}
		{53866C76-1AA8-4157-A491-949D2C54EAA6} = {A3EC5DF4-4D1D-4D43-905B-0C5743BC4CFE}
	EndGlobalSection
	GlobalSection(ExtensibilityGlobals) = postSolution
		SolutionGuid = {E6513199-EE31-4B77-AC58-A7B1FFA50104}
	EndGlobalSection
	GlobalSection(SubversionScc) = preSolution
		Svn-Managed = True
		Manager = AnkhSVN - Subversion Support for Visual Studio
	EndGlobalSection
EndGlobal
